{"name":"claude-flow","version":"3.7.0-alpha.42","lockfileVersion":3,"requires":true,"packages":{"":{"name":"claude-flow","version":"3.7.0-alpha.42","license":"MIT","dependencies":{"@claude-flow/cli-core":"^3.7.0-alpha.5","@claude-flow/mcp":"^3.0.0-alpha.8","@claude-flow/neural":"^3.0.0-alpha.8","@claude-flow/shared":"^3.0.0-alpha.7","@noble/ed25519":"^2.1.0","@ruvector/rabitq-wasm":"^0.1.0","semver":"^7.6.0","zod":"^3.22.4"},"bin":{"claude-flow":"bin/cli.js"},"devDependencies":{"@openai/codex":"^0.98.0","@types/bcrypt":"^5.0.2","@types/node":"^20.0.0","eslint":"^8.0.0","tsx":"^4.21.0","typescript":"^5.0.0","vitest":"^1.0.0"},"engines":{"node":">=20.0.0"},"optionalDependencies":{"@claude-flow/codex":"^3.0.0-alpha.8","@claude-flow/plugin-gastown-bridge":"^0.1.3","@ruvector/attention":"^0.1.3","@ruvector/core":"^0.1.30","@ruvector/router":"^0.1.30","@ruvector/router-linux-x64-gnu":"^0.1.30","@ruvector/sona":"^0.1.5","agentdb":"^3.0.0-alpha.9","agentic-flow":"^2.0.7"}}}}